
Microsoft Visual Studio Solution File, Format Version 12.00
# Visual Studio Version 16
VisualStudioVersion = 16.0.30002.166
MinimumVisualStudioVersion = 10.0.40219.1
Project("{FAE04EC0-301F-11D3-BF4B-00C04F79EFBC}") = "ConsoleSendMail", "ConsoleSendMail\ConsoleSendMail.csproj", "{F17B0027-A3F8-4058-B300-510385EC9848}"
EndProject
Global
	GlobalSection(SolutionConfigurationPlatforms) = preSolution
		Debug|Any CPU = Debug|Any CPU
		Release|Any CPU = Release|Any CPU
	EndGlobalSection
	GlobalSection(ProjectConfigurationPlatforms) = postSolution
		{F17B0027-A3F8-4058-B300-510385EC9848}.Debug|Any CPU.ActiveCfg = Debug|Any CPU
		{F17B0027-A3F8-4058-B300-510385EC9848}.Debug|Any CPU.Build.0 = Debug|Any CPU
		{F17B0027-A3F8-4058-B300-510385EC9848}.Release|Any CPU.ActiveCfg = Release|Any CPU
		{F17B0027-A3F8-4058-B300-510385EC9848}.Release|Any CPU.Build.0 = Release|Any CPU
	EndGlobalSection
	GlobalSection(SolutionProperties) = preSolution
		HideSolutionNode = FALSE
	EndGlobalSection
	GlobalSection(ExtensibilityGlobals) = postSolution
		SolutionGuid = {72BD3745-B38D-4420-9332-F9F886143C46}
	EndGlobalSection
EndGlobal
